// !$*UTF8*$!
{
	archiveVersion = 1;
	classes = {
	};
	objectVersion = 52;
	objects = {

/* Begin PBXBuildFile section */
		1343D0F523EB549D00CFC68E /* AppDelegate.swift in Sources */ = {isa = PBXBuildFile; fileRef = 1343D0F423EB549D00CFC68E /* AppDelegate.swift */; };
		1343D0F723EB549D00CFC68E /* SceneDelegate.swift in Sources */ = {isa = PBXBuildFile; fileRef = 1343D0F623EB549D00CFC68E /* SceneDelegate.swift */; };
		1343D0F923EB549D00CFC68E /* BestSellerController.swift in Sources */ = {isa = PBXBuildFile; fileRef = 1343D0F823EB549D00CFC68E /* BestSellerController.swift */; };
		1343D0FE23EB54A100CFC68E /* Assets.xcassets in Resources */ = {isa = PBXBuildFile; fileRef = 1343D0FD23EB54A100CFC68E /* Assets.xcassets */; };
		1343D10123EB54A100CFC68E /* LaunchScreen.storyboard in Resources */ = {isa = PBXBuildFile; fileRef = 1343D0FF23EB54A100CFC68E /* LaunchScreen.storyboard */; };
		1343D10A23EB577800CFC68E /* ImageKit in Frameworks */ = {isa = PBXBuildFile; productRef = 1343D10923EB577800CFC68E /* ImageKit */; };
		1343D10C23EB57B300CFC68E /* FavoritesViewController.swift in Sources */ = {isa = PBXBuildFile; fileRef = 1343D10B23EB57B300CFC68E /* FavoritesViewController.swift */; };
		1343D10E23EB57C600CFC68E /* TabBarController.swift in Sources */ = {isa = PBXBuildFile; fileRef = 1343D10D23EB57C600CFC68E /* TabBarController.swift */; };
		1343D11023EB57F900CFC68E /* BookDetailController.swift in Sources */ = {isa = PBXBuildFile; fileRef = 1343D10F23EB57F900CFC68E /* BookDetailController.swift */; };
		1343D11223EB588400CFC68E /* SettingsViewController.swift in Sources */ = {isa = PBXBuildFile; fileRef = 1343D11123EB588400CFC68E /* SettingsViewController.swift */; };
		1343D11723EB590D00CFC68E /* BestSellerView.swift in Sources */ = {isa = PBXBuildFile; fileRef = 1343D11623EB590D00CFC68E /* BestSellerView.swift */; };
		1343D11923EB591A00CFC68E /* FavoritesView.swift in Sources */ = {isa = PBXBuildFile; fileRef = 1343D11823EB591A00CFC68E /* FavoritesView.swift */; };
		1343D11B23EB592700CFC68E /* BookDetailView.swift in Sources */ = {isa = PBXBuildFile; fileRef = 1343D11A23EB592700CFC68E /* BookDetailView.swift */; };
		1343D11D23EB593000CFC68E /* SettingsView.swift in Sources */ = {isa = PBXBuildFile; fileRef = 1343D11C23EB593000CFC68E /* SettingsView.swift */; };
		1343D11F23EB59C100CFC68E /* FavoritesCVC.swift in Sources */ = {isa = PBXBuildFile; fileRef = 1343D11E23EB59C100CFC68E /* FavoritesCVC.swift */; };
		1343D12123EB59CD00CFC68E /* BooksCVC.swift in Sources */ = {isa = PBXBuildFile; fileRef = 1343D12023EB59CD00CFC68E /* BooksCVC.swift */; };
		1343D12323EB59F900CFC68E /* NYTAPIClient.swift in Sources */ = {isa = PBXBuildFile; fileRef = 1343D12223EB59F900CFC68E /* NYTAPIClient.swift */; };
		1343D12523EB5A0800CFC68E /* BooksModel.swift in Sources */ = {isa = PBXBuildFile; fileRef = 1343D12423EB5A0800CFC68E /* BooksModel.swift */; };
		6C99914823F5BF03004FC7BC /* Secrets.swift in Sources */ = {isa = PBXBuildFile; fileRef = 6C99914723F5BF03004FC7BC /* Secrets.swift */; };
/* End PBXBuildFile section */

/* Begin PBXFileReference section */
		1343D0F123EB549D00CFC68E /* NYT-Books-GroupProj.app */ = {isa = PBXFileReference; explicitFileType = wrapper.application; includeInIndex = 0; path = "NYT-Books-GroupProj.app"; sourceTree = BUILT_PRODUCTS_DIR; };
		1343D0F423EB549D00CFC68E /* AppDelegate.swift */ = {isa = PBXFileReference; lastKnownFileType = sourcecode.swift; path = AppDelegate.swift; sourceTree = "<group>"; };
		1343D0F623EB549D00CFC68E /* SceneDelegate.swift */ = {isa = PBXFileReference; lastKnownFileType = sourcecode.swift; path = SceneDelegate.swift; sourceTree = "<group>"; };
		1343D0F823EB549D00CFC68E /* BestSellerController.swift */ = {isa = PBXFileReference; lastKnownFileType = sourcecode.swift; path = BestSellerController.swift; sourceTree = "<group>"; };
		1343D0FD23EB54A100CFC68E /* Assets.xcassets */ = {isa = PBXFileReference; lastKnownFileType = folder.assetcatalog; path = Assets.xcassets; sourceTree = "<group>"; };
		1343D10023EB54A100CFC68E /* Base */ = {isa = PBXFileReference; lastKnownFileType = file.storyboard; name = Base; path = Base.lproj/LaunchScreen.storyboard; sourceTree = "<group>"; };
		1343D10223EB54A100CFC68E /* Info.plist */ = {isa = PBXFileReference; lastKnownFileType = text.plist.xml; path = Info.plist; sourceTree = "<group>"; };
		1343D10B23EB57B300CFC68E /* FavoritesViewController.swift */ = {isa = PBXFileReference; lastKnownFileType = sourcecode.swift; path = FavoritesViewController.swift; sourceTree = "<group>"; };
		1343D10D23EB57C600CFC68E /* TabBarController.swift */ = {isa = PBXFileReference; lastKnownFileType = sourcecode.swift; path = TabBarController.swift; sourceTree = "<group>"; };
		1343D10F23EB57F900CFC68E /* BookDetailController.swift */ = {isa = PBXFileReference; lastKnownFileType = sourcecode.swift; path = BookDetailController.swift; sourceTree = "<group>"; };
		1343D11123EB588400CFC68E /* SettingsViewController.swift */ = {isa = PBXFileReference; lastKnownFileType = sourcecode.swift; path = SettingsViewController.swift; sourceTree = "<group>"; };
		1343D11623EB590D00CFC68E /* BestSellerView.swift */ = {isa = PBXFileReference; lastKnownFileType = sourcecode.swift; path = BestSellerView.swift; sourceTree = "<group>"; };
		1343D11823EB591A00CFC68E /* FavoritesView.swift */ = {isa = PBXFileReference; lastKnownFileType = sourcecode.swift; path = FavoritesView.swift; sourceTree = "<group>"; };
		1343D11A23EB592700CFC68E /* BookDetailView.swift */ = {isa = PBXFileReference; lastKnownFileType = sourcecode.swift; path = BookDetailView.swift; sourceTree = "<group>"; };
		1343D11C23EB593000CFC68E /* SettingsView.swift */ = {isa = PBXFileReference; lastKnownFileType = sourcecode.swift; path = SettingsView.swift; sourceTree = "<group>"; };
		1343D11E23EB59C100CFC68E /* FavoritesCVC.swift */ = {isa = PBXFileReference; lastKnownFileType = sourcecode.swift; path = FavoritesCVC.swift; sourceTree = "<group>"; };
		1343D12023EB59CD00CFC68E /* BooksCVC.swift */ = {isa = PBXFileReference; lastKnownFileType = sourcecode.swift; path = BooksCVC.swift; sourceTree = "<group>"; };
		1343D12223EB59F900CFC68E /* NYTAPIClient.swift */ = {isa = PBXFileReference; lastKnownFileType = sourcecode.swift; path = NYTAPIClient.swift; sourceTree = "<group>"; };
		1343D12423EB5A0800CFC68E /* BooksModel.swift */ = {isa = PBXFileReference; lastKnownFileType = sourcecode.swift; path = BooksModel.swift; sourceTree = "<group>"; };
		6C99914723F5BF03004FC7BC /* Secrets.swift */ = {isa = PBXFileReference; lastKnownFileType = sourcecode.swift; path = Secrets.swift; sourceTree = "<group>"; };
/* End PBXFileReference section */

/* Begin PBXFrameworksBuildPhase section */
		1343D0EE23EB549D00CFC68E /* Frameworks */ = {
			isa = PBXFrameworksBuildPhase;
			buildActionMask = 2147483647;
			files = (
				1343D10A23EB577800CFC68E /* ImageKit in Frameworks */,
			);
			runOnlyForDeploymentPostprocessing = 0;
		};
/* End PBXFrameworksBuildPhase section */

/* Begin PBXGroup section */
		1343D0E823EB549D00CFC68E = {
			isa = PBXGroup;
			children = (
				6C99914623F5BECB004FC7BC /* Secrets */,
				1343D0F323EB549D00CFC68E /* NYT-Books-GroupProj */,
				1343D0F223EB549D00CFC68E /* Products */,
			);
			sourceTree = "<group>";
		};
		1343D0F223EB549D00CFC68E /* Products */ = {
			isa = PBXGroup;
			children = (
				1343D0F123EB549D00CFC68E /* NYT-Books-GroupProj.app */,
			);
			name = Products;
			sourceTree = "<group>";
		};
		1343D0F323EB549D00CFC68E /* NYT-Books-GroupProj */ = {
			isa = PBXGroup;
			children = (
				1343D0F423EB549D00CFC68E /* AppDelegate.swift */,
				1343D0F623EB549D00CFC68E /* SceneDelegate.swift */,
				1343D12923EB5B5B00CFC68E /* Network Services */,
				1343D12823EB5B4F00CFC68E /* Model */,
				1343D12723EB5A5C00CFC68E /* Cells */,
				1343D12623EB5A3200CFC68E /* Views */,
				1343D11523EB58DE00CFC68E /* Controllers */,
				1343D0FD23EB54A100CFC68E /* Assets.xcassets */,
				1343D0FF23EB54A100CFC68E /* LaunchScreen.storyboard */,
				1343D10223EB54A100CFC68E /* Info.plist */,
			);
			path = "NYT-Books-GroupProj";
			sourceTree = "<group>";
		};
		1343D11523EB58DE00CFC68E /* Controllers */ = {
			isa = PBXGroup;
			children = (
				1343D10D23EB57C600CFC68E /* TabBarController.swift */,
				1343D0F823EB549D00CFC68E /* BestSellerController.swift */,
				1343D10B23EB57B300CFC68E /* FavoritesViewController.swift */,
				1343D10F23EB57F900CFC68E /* BookDetailController.swift */,
				1343D11123EB588400CFC68E /* SettingsViewController.swift */,
			);
			path = Controllers;
			sourceTree = "<group>";
		};
		1343D12623EB5A3200CFC68E /* Views */ = {
			isa = PBXGroup;
			children = (
				1343D11623EB590D00CFC68E /* BestSellerView.swift */,
				1343D11823EB591A00CFC68E /* FavoritesView.swift */,
				1343D11A23EB592700CFC68E /* BookDetailView.swift */,
				1343D11C23EB593000CFC68E /* SettingsView.swift */,
			);
			path = Views;
			sourceTree = "<group>";
		};
		1343D12723EB5A5C00CFC68E /* Cells */ = {
			isa = PBXGroup;
			children = (
				1343D11E23EB59C100CFC68E /* FavoritesCVC.swift */,
				1343D12023EB59CD00CFC68E /* BooksCVC.swift */,
			);
			path = Cells;
			sourceTree = "<group>";
		};
		1343D12823EB5B4F00CFC68E /* Model */ = {
			isa = PBXGroup;
			children = (
				1343D12423EB5A0800CFC68E /* BooksModel.swift */,
			);
			path = Model;
			sourceTree = "<group>";
		};
		1343D12923EB5B5B00CFC68E /* Network Services */ = {
			isa = PBXGroup;
			children = (
				1343D12223EB59F900CFC68E /* NYTAPIClient.swift */,
			);
			path = "Network Services";
			sourceTree = "<group>";
		};
		6C99914623F5BECB004FC7BC /* Secrets */ = {
			isa = PBXGroup;
			children = (
				6C99914723F5BF03004FC7BC /* Secrets.swift */,
			);
			path = Secrets;
			sourceTree = "<group>";
		};
/* End PBXGroup section */

/* Begin PBXNativeTarget section */
		1343D0F023EB549D00CFC68E /* NYT-Books-GroupProj */ = {
			isa = PBXNativeTarget;
			buildConfigurationList = 1343D10523EB54A100CFC68E /* Build configuration list for PBXNativeTarget "NYT-Books-GroupProj" */;
			buildPhases = (
				1343D0ED23EB549D00CFC68E /* Sources */,
				1343D0EE23EB549D00CFC68E /* Frameworks */,
				1343D0EF23EB549D00CFC68E /* Resources */,
			);
			buildRules = (
			);
			dependencies = (
			);
			name = "NYT-Books-GroupProj";
			packageProductDependencies = (
				1343D10923EB577800CFC68E /* ImageKit */,
			);
			productName = "NYT-Books-GroupProj";
			productReference = 1343D0F123EB549D00CFC68E /* NYT-Books-GroupProj.app */;
			productType = "com.apple.product-type.application";
		};
/* End PBXNativeTarget section */

/* Begin PBXProject section */
		1343D0E923EB549D00CFC68E /* Project object */ = {
			isa = PBXProject;
			attributes = {
				LastSwiftUpdateCheck = 1120;
				LastUpgradeCheck = 1120;
				ORGANIZATIONNAME = "Christian Hurtado";
				TargetAttributes = {
					1343D0F023EB549D00CFC68E = {
						CreatedOnToolsVersion = 11.2;
					};
				};
			};
			buildConfigurationList = 1343D0EC23EB549D00CFC68E /* Build configuration list for PBXProject "NYT-Books-GroupProj" */;
			compatibilityVersion = "Xcode 9.3";
			developmentRegion = en;
			hasScannedForEncodings = 0;
			knownRegions = (
				en,
				Base,
			);
			mainGroup = 1343D0E823EB549D00CFC68E;
			packageReferences = (
				1343D10823EB577800CFC68E /* XCRemoteSwiftPackageReference "ImageKit" */,
			);
			productRefGroup = 1343D0F223EB549D00CFC68E /* Products */;
			projectDirPath = "";
			projectRoot = "";
			targets = (
				1343D0F023EB549D00CFC68E /* NYT-Books-GroupProj */,
			);
		};
/* End PBXProject section */

/* Begin PBXResourcesBuildPhase section */
		1343D0EF23EB549D00CFC68E /* Resources */ = {
			isa = PBXResourcesBuildPhase;
			buildActionMask = 2147483647;
			files = (
				1343D10123EB54A100CFC68E /* LaunchScreen.storyboard in Resources */,
				1343D0FE23EB54A100CFC68E /* Assets.xcassets in Resources */,
			);
			runOnlyForDeploymentPostprocessing = 0;
		};
/* End PBXResourcesBuildPhase section */

/* Begin PBXSourcesBuildPhase section */
		1343D0ED23EB549D00CFC68E /* Sources */ = {
			isa = PBXSourcesBuildPhase;
			buildActionMask = 2147483647;
			files = (
				1343D0F923EB549D00CFC68E /* BestSellerController.swift in Sources */,
				6C99914823F5BF03004FC7BC /* Secrets.swift in Sources */,
				1343D11023EB57F900CFC68E /* BookDetailController.swift in Sources */,
				1343D12123EB59CD00CFC68E /* BooksCVC.swift in Sources */,
				1343D12323EB59F900CFC68E /* NYTAPIClient.swift in Sources */,
				1343D11B23EB592700CFC68E /* BookDetailView.swift in Sources */,
				1343D11223EB588400CFC68E /* SettingsViewController.swift in Sources */,
				1343D11F23EB59C100CFC68E /* FavoritesCVC.swift in Sources */,
				1343D0F523EB549D00CFC68E /* AppDelegate.swift in Sources */,
				1343D0F723EB549D00CFC68E /* SceneDelegate.swift in Sources */,
				1343D12523EB5A0800CFC68E /* BooksModel.swift in Sources */,
				1343D10E23EB57C600CFC68E /* TabBarController.swift in Sources */,
				1343D10C23EB57B300CFC68E /* FavoritesViewController.swift in Sources */,
				1343D11723EB590D00CFC68E /* BestSellerView.swift in Sources */,
				1343D11923EB591A00CFC68E /* FavoritesView.swift in Sources */,
				1343D11D23EB593000CFC68E /* SettingsView.swift in Sources */,
			);
			runOnlyForDeploymentPostprocessing = 0;
		};
/* End PBXSourcesBuildPhase section */

/* Begin PBXVariantGroup section */
		1343D0FF23EB54A100CFC68E /* LaunchScreen.storyboard */ = {
			isa = PBXVariantGroup;
			children = (
				1343D10023EB54A100CFC68E /* Base */,
			);
			name = LaunchScreen.storyboard;
			sourceTree = "<group>";
		};
/* End PBXVariantGroup section */

/* Begin XCBuildConfiguration section */
		1343D10323EB54A100CFC68E /* Debug */ = {
			isa = XCBuildConfiguration;
			buildSettings = {
				ALWAYS_SEARCH_USER_PATHS = NO;
				CLANG_ANALYZER_NONNULL = YES;
				CLANG_ANALYZER_NUMBER_OBJECT_CONVERSION = YES_AGGRESSIVE;
				CLANG_CXX_LANGUAGE_STANDARD = "gnu++14";
				CLANG_CXX_LIBRARY = "libc++";
				CLANG_ENABLE_MODULES = YES;
				CLANG_ENABLE_OBJC_ARC = YES;
				CLANG_ENABLE_OBJC_WEAK = YES;
				CLANG_WARN_BLOCK_CAPTURE_AUTORELEASING = YES;
				CLANG_WARN_BOOL_CONVERSION = YES;
				CLANG_WARN_COMMA = YES;
				CLANG_WARN_CONSTANT_CONVERSION = YES;
				CLANG_WARN_DEPRECATED_OBJC_IMPLEMENTATIONS = YES;
				CLANG_WARN_DIRECT_OBJC_ISA_USAGE = YES_ERROR;
				CLANG_WARN_DOCUMENTATION_COMMENTS = YES;
				CLANG_WARN_EMPTY_BODY = YES;
				CLANG_WARN_ENUM_CONVERSION = YES;
				CLANG_WARN_INFINITE_RECURSION = YES;
				CLANG_WARN_INT_CONVERSION = YES;
				CLANG_WARN_NON_LITERAL_NULL_CONVERSION = YES;
				CLANG_WARN_OBJC_IMPLICIT_RETAIN_SELF = YES;
				CLANG_WARN_OBJC_LITERAL_CONVERSION = YES;
				CLANG_WARN_OBJC_ROOT_CLASS = YES_ERROR;
				CLANG_WARN_RANGE_LOOP_ANALYSIS = YES;
				CLANG_WARN_STRICT_PROTOTYPES = YES;
				CLANG_WARN_SUSPICIOUS_MOVE = YES;
				CLANG_WARN_UNGUARDED_AVAILABILITY = YES_AGGRESSIVE;
				CLANG_WARN_UNREACHABLE_CODE = YES;
				CLANG_WARN__DUPLICATE_METHOD_MATCH = YES;
				COPY_PHASE_STRIP = NO;
				DEBUG_INFORMATION_FORMAT = dwarf;
				ENABLE_STRICT_OBJC_MSGSEND = YES;
				ENABLE_TESTABILITY = YES;
				GCC_C_LANGUAGE_STANDARD = gnu11;
				GCC_DYNAMIC_NO_PIC = NO;
				GCC_NO_COMMON_BLOCKS = YES;
				GCC_OPTIMIZATION_LEVEL = 0;
				GCC_PREPROCESSOR_DEFINITIONS = (
					"DEBUG=1",
					"$(inherited)",
				);
				GCC_WARN_64_TO_32_BIT_CONVERSION = YES;
				GCC_WARN_ABOUT_RETURN_TYPE = YES_ERROR;
				GCC_WARN_UNDECLARED_SELECTOR = YES;
				GCC_WARN_UNINITIALIZED_AUTOS = YES_AGGRESSIVE;
				GCC_WARN_UNUSED_FUNCTION = YES;
				GCC_WARN_UNUSED_VARIABLE = YES;
				IPHONEOS_DEPLOYMENT_TARGET = 13.2;
				MTL_ENABLE_DEBUG_INFO = INCLUDE_SOURCE;
				MTL_FAST_MATH = YES;
				ONLY_ACTIVE_ARCH = YES;
				SDKROOT = iphoneos;
				SWIFT_ACTIVE_COMPILATION_CONDITIONS = DEBUG;
				SWIFT_OPTIMIZATION_LEVEL = "-Onone";
			};
			name = Debug;
		};
		1343D10423EB54A100CFC68E /* Release */ = {
			isa = XCBuildConfiguration;
			buildSettings = {
				ALWAYS_SEARCH_USER_PATHS = NO;
				CLANG_ANALYZER_NONNULL = YES;
				CLANG_ANALYZER_NUMBER_OBJECT_CONVERSION = YES_AGGRESSIVE;
				CLANG_CXX_LANGUAGE_STANDARD = "gnu++14";
				CLANG_CXX_LIBRARY = "libc++";
				CLANG_ENABLE_MODULES = YES;
				CLANG_ENABLE_OBJC_ARC = YES;
				CLANG_ENABLE_OBJC_WEAK = YES;
				CLANG_WARN_BLOCK_CAPTURE_AUTORELEASING = YES;
				CLANG_WARN_BOOL_CONVERSION = YES;
				CLANG_WARN_COMMA = YES;
				CLANG_WARN_CONSTANT_CONVERSION = YES;
				CLANG_WARN_DEPRECATED_OBJC_IMPLEMENTATIONS = YES;
				CLANG_WARN_DIRECT_OBJC_ISA_USAGE = YES_ERROR;
				CLANG_WARN_DOCUMENTATION_COMMENTS = YES;
				CLANG_WARN_EMPTY_BODY = YES;
				CLANG_WARN_ENUM_CONVERSION = YES;
				CLANG_WARN_INFINITE_RECURSION = YES;
				CLANG_WARN_INT_CONVERSION = YES;
				CLANG_WARN_NON_LITERAL_NULL_CONVERSION = YES;
				CLANG_WARN_OBJC_IMPLICIT_RETAIN_SELF = YES;
				CLANG_WARN_OBJC_LITERAL_CONVERSION = YES;
				CLANG_WARN_OBJC_ROOT_CLASS = YES_ERROR;
				CLANG_WARN_RANGE_LOOP_ANALYSIS = YES;
				CLANG_WARN_STRICT_PROTOTYPES = YES;
				CLANG_WARN_SUSPICIOUS_MOVE = YES;
				CLANG_WARN_UNGUARDED_AVAILABILITY = YES_AGGRESSIVE;
				CLANG_WARN_UNREACHABLE_CODE = YES;
				CLANG_WARN__DUPLICATE_METHOD_MATCH = YES;
				COPY_PHASE_STRIP = NO;
				DEBUG_INFORMATION_FORMAT = "dwarf-with-dsym";
				ENABLE_NS_ASSERTIONS = NO;
				ENABLE_STRICT_OBJC_MSGSEND = YES;
				GCC_C_LANGUAGE_STANDARD = gnu11;
				GCC_NO_COMMON_BLOCKS = YES;
				GCC_WARN_64_TO_32_BIT_CONVERSION = YES;
				GCC_WARN_ABOUT_RETURN_TYPE = YES_ERROR;
				GCC_WARN_UNDECLARED_SELECTOR = YES;
				GCC_WARN_UNINITIALIZED_AUTOS = YES_AGGRESSIVE;
				GCC_WARN_UNUSED_FUNCTION = YES;
				GCC_WARN_UNUSED_VARIABLE = YES;
				IPHONEOS_DEPLOYMENT_TARGET = 13.2;
				MTL_ENABLE_DEBUG_INFO = NO;
				MTL_FAST_MATH = YES;
				SDKROOT = iphoneos;
				SWIFT_COMPILATION_MODE = wholemodule;
				SWIFT_OPTIMIZATION_LEVEL = "-O";
				VALIDATE_PRODUCT = YES;
			};
			name = Release;
		};
		1343D10623EB54A100CFC68E /* Debug */ = {
			isa = XCBuildConfiguration;
			buildSettings = {
				ASSETCATALOG_COMPILER_APPICON_NAME = AppIcon;
				CODE_SIGN_STYLE = Automatic;
				DEVELOPMENT_TEAM = 26RHXP32FH;
				INFOPLIST_FILE = "NYT-Books-GroupProj/Info.plist";
				LD_RUNPATH_SEARCH_PATHS = (
					"$(inherited)",
					"@executable_path/Frameworks",
				);
				PRODUCT_BUNDLE_IDENTIFIER = "com.christianhurtado.NYT-Books-GroupProj";
				PRODUCT_NAME = "$(TARGET_NAME)";
				SWIFT_VERSION = 5.0;
				TARGETED_DEVICE_FAMILY = "1,2";
			};
			name = Debug;
		};
		1343D10723EB54A100CFC68E /* Release */ = {
			isa = XCBuildConfiguration;
			buildSettings = {
				ASSETCATALOG_COMPILER_APPICON_NAME = AppIcon;
				CODE_SIGN_STYLE = Automatic;
				DEVELOPMENT_TEAM = 26RHXP32FH;
				INFOPLIST_FILE = "NYT-Books-GroupProj/Info.plist";
				LD_RUNPATH_SEARCH_PATHS = (
					"$(inherited)",
					"@executable_path/Frameworks",
				);
				PRODUCT_BUNDLE_IDENTIFIER = "com.christianhurtado.NYT-Books-GroupProj";
				PRODUCT_NAME = "$(TARGET_NAME)";
				SWIFT_VERSION = 5.0;
				TARGETED_DEVICE_FAMILY = "1,2";
			};
			name = Release;
		};
/* End XCBuildConfiguration section */

/* Begin XCConfigurationList section */
		1343D0EC23EB549D00CFC68E /* Build configuration list for PBXProject "NYT-Books-GroupProj" */ = {
			isa = XCConfigurationList;
			buildConfigurations = (
				1343D10323EB54A100CFC68E /* Debug */,
				1343D10423EB54A100CFC68E /* Release */,
			);
			defaultConfigurationIsVisible = 0;
			defaultConfigurationName = Release;
		};
		1343D10523EB54A100CFC68E /* Build configuration list for PBXNativeTarget "NYT-Books-GroupProj" */ = {
			isa = XCConfigurationList;
			buildConfigurations = (
				1343D10623EB54A100CFC68E /* Debug */,
				1343D10723EB54A100CFC68E /* Release */,
			);
			defaultConfigurationIsVisible = 0;
			defaultConfigurationName = Release;
		};
/* End XCConfigurationList section */

/* Begin XCRemoteSwiftPackageReference section */
		1343D10823EB577800CFC68E /* XCRemoteSwiftPackageReference "ImageKit" */ = {
			isa = XCRemoteSwiftPackageReference;
			repositoryURL = "https://github.com/alexpaul/ImageKit";
			requirement = {
				kind = upToNextMajorVersion;
				minimumVersion = 1.0.4;
			};
		};
/* End XCRemoteSwiftPackageReference section */

/* Begin XCSwiftPackageProductDependency section */
		1343D10923EB577800CFC68E /* ImageKit */ = {
			isa = XCSwiftPackageProductDependency;
			package = 1343D10823EB577800CFC68E /* XCRemoteSwiftPackageReference "ImageKit" */;
			productName = ImageKit;
		};
/* End XCSwiftPackageProductDependency section */
	};
	rootObject = 1343D0E923EB549D00CFC68E /* Project object */;
}
